
Microsoft Visual Studio Solution File, Format Version 12.00
# Visual Studio Version 16
VisualStudioVersion = 16.0.30907.101
MinimumVisualStudioVersion = 10.0.40219.1
Project("{FAE04EC0-301F-11D3-BF4B-00C04F79EFBC}") = "curso-mvc", "curso-mvc\curso-mvc.csproj", "{A3699D79-65F0-44FC-966F-99A9DB77DA52}"
EndProject
Global
	GlobalSection(SolutionConfigurationPlatforms) = preSolution
		Debug|Any CPU = Debug|Any CPU
		Release|Any CPU = Release|Any CPU
	EndGlobalSection
	GlobalSection(ProjectConfigurationPlatforms) = postSolution
		{A3699D79-65F0-44FC-966F-99A9DB77DA52}.Debug|Any CPU.ActiveCfg = Debug|Any CPU
		{A3699D79-65F0-44FC-966F-99A9DB77DA52}.Debug|Any CPU.Build.0 = Debug|Any CPU
		{A3699D79-65F0-44FC-966F-99A9DB77DA52}.Release|Any CPU.ActiveCfg = Release|Any CPU
		{A3699D79-65F0-44FC-966F-99A9DB77DA52}.Release|Any CPU.Build.0 = Release|Any CPU
	EndGlobalSection
	GlobalSection(SolutionProperties) = preSolution
		HideSolutionNode = FALSE
	EndGlobalSection
	GlobalSection(ExtensibilityGlobals) = postSolution
		SolutionGuid = {C4FA5E8E-9B16-4AFD-BC4A-94CD2BECE000}
	EndGlobalSection
EndGlobal
